
Microsoft Visual Studio Solution File, Format Version 12.00
# Visual Studio Version 16
VisualStudioVersion = 16.0.31729.503
MinimumVisualStudioVersion = 10.0.40219.1
Project("{FAE04EC0-301F-11D3-BF4B-00C04F79EFBC}") = "prac2.4(wf)", "prac2.4(wf)\prac2.4(wf).csproj", "{6EFCC947-ED4C-424C-BEF5-67F232A280CC}"
EndProject
Global
	GlobalSection(SolutionConfigurationPlatforms) = preSolution
		Debug|Any CPU = Debug|Any CPU
		Release|Any CPU = Release|Any CPU
	EndGlobalSection
	GlobalSection(ProjectConfigurationPlatforms) = postSolution
		{6EFCC947-ED4C-424C-BEF5-67F232A280CC}.Debug|Any CPU.ActiveCfg = Debug|Any CPU
		{6EFCC947-ED4C-424C-BEF5-67F232A280CC}.Debug|Any CPU.Build.0 = Debug|Any CPU
		{6EFCC947-ED4C-424C-BEF5-67F232A280CC}.Release|Any CPU.ActiveCfg = Release|Any CPU
		{6EFCC947-ED4C-424C-BEF5-67F232A280CC}.Release|Any CPU.Build.0 = Release|Any CPU
	EndGlobalSection
	GlobalSection(SolutionProperties) = preSolution
		HideSolutionNode = FALSE
	EndGlobalSection
	GlobalSection(ExtensibilityGlobals) = postSolution
		SolutionGuid = {AC725B99-BBDC-4D12-BCCF-BD74F5326672}
	EndGlobalSection
EndGlobal
